
Microsoft Visual Studio Solution File, Format Version 12.00
# Visual Studio 15
VisualStudioVersion = 15.0.27130.2003
MinimumVisualStudioVersion = 10.0.40219.1
Project("{FAE04EC0-301F-11D3-BF4B-00C04F79EFBC}") = "PC2_names", "PC2_names\PC2_names.csproj", "{BA44C42C-63A0-4224-A2D5-15D16939589E}"
EndProject
Global
	GlobalSection(SolutionConfigurationPlatforms) = preSolution
		Debug|Any CPU = Debug|Any CPU
		Release|Any CPU = Release|Any CPU
	EndGlobalSection
	GlobalSection(ProjectConfigurationPlatforms) = postSolution
		{BA44C42C-63A0-4224-A2D5-15D16939589E}.Debug|Any CPU.ActiveCfg = Debug|Any CPU
		{BA44C42C-63A0-4224-A2D5-15D16939589E}.Debug|Any CPU.Build.0 = Debug|Any CPU
		{BA44C42C-63A0-4224-A2D5-15D16939589E}.Release|Any CPU.ActiveCfg = Release|Any CPU
		{BA44C42C-63A0-4224-A2D5-15D16939589E}.Release|Any CPU.Build.0 = Release|Any CPU
	EndGlobalSection
	GlobalSection(SolutionProperties) = preSolution
		HideSolutionNode = FALSE
	EndGlobalSection
	GlobalSection(ExtensibilityGlobals) = postSolution
		SolutionGuid = {FA076025-1840-41CE-B6F6-C6D958C5ACE3}
	EndGlobalSection
EndGlobal
